
Microsoft Visual Studio Solution File, Format Version 12.00
# Visual Studio Version 17
VisualStudioVersion = 17.11.35208.52
MinimumVisualStudioVersion = 10.0.40219.1
Project("{FAE04EC0-301F-11D3-BF4B-00C04F79EFBC}") = "StopWatch", "StopWatch.csproj", "{1C5D3686-4519-4907-836D-52AA06FF6453}"
EndProject
Global
	GlobalSection(SolutionConfigurationPlatforms) = preSolution
		Debug|Any CPU = Debug|Any CPU
		Release|Any CPU = Release|Any CPU
	EndGlobalSection
	GlobalSection(ProjectConfigurationPlatforms) = postSolution
		{1C5D3686-4519-4907-836D-52AA06FF6453}.Debug|Any CPU.ActiveCfg = Debug|Any CPU
		{1C5D3686-4519-4907-836D-52AA06FF6453}.Debug|Any CPU.Build.0 = Debug|Any CPU
		{1C5D3686-4519-4907-836D-52AA06FF6453}.Release|Any CPU.ActiveCfg = Release|Any CPU
		{1C5D3686-4519-4907-836D-52AA06FF6453}.Release|Any CPU.Build.0 = Release|Any CPU
	EndGlobalSection
	GlobalSection(SolutionProperties) = preSolution
		HideSolutionNode = FALSE
	EndGlobalSection
	GlobalSection(ExtensibilityGlobals) = postSolution
		SolutionGuid = {F27A01E6-4456-4A74-8BF6-E6FD8F46BD56}
	EndGlobalSection
EndGlobal
